// !$*UTF8*$!
{
	archiveVersion = 1;
	classes = {
	};
	objectVersion = 55;
	objects = {

/* Begin PBXBuildFile section */
		FE1B487A289353F200A083B9 /* FollowerListViewController.swift in Sources */ = {isa = PBXBuildFile; fileRef = FE1B4879289353F200A083B9 /* FollowerListViewController.swift */; };
		FE1B487C2893745F00A083B9 /* GFTitleLabel.swift in Sources */ = {isa = PBXBuildFile; fileRef = FE1B487B2893745F00A083B9 /* GFTitleLabel.swift */; };
		FEB6B2BE2890E7BE006590D9 /* GFButton.swift in Sources */ = {isa = PBXBuildFile; fileRef = FEB6B2BD2890E7BE006590D9 /* GFButton.swift */; };
		FEB6B2C02890F524006590D9 /* GFTextField.swift in Sources */ = {isa = PBXBuildFile; fileRef = FEB6B2BF2890F524006590D9 /* GFTextField.swift */; };
		FEC0EDE528A9BF3000864875 /* GFBodyLabel.swift in Sources */ = {isa = PBXBuildFile; fileRef = FEC0EDE428A9BF3000864875 /* GFBodyLabel.swift */; };
		FEC0EDE728A9C62300864875 /* GFAlertViewController.swift in Sources */ = {isa = PBXBuildFile; fileRef = FEC0EDE628A9C62300864875 /* GFAlertViewController.swift */; };
		FEE956AA288FC7F800F30690 /* AppDelegate.swift in Sources */ = {isa = PBXBuildFile; fileRef = FEE956A9288FC7F800F30690 /* AppDelegate.swift */; };
		FEE956AC288FC7F800F30690 /* SceneDelegate.swift in Sources */ = {isa = PBXBuildFile; fileRef = FEE956AB288FC7F800F30690 /* SceneDelegate.swift */; };
		FEE956AE288FC7F800F30690 /* ViewController.swift in Sources */ = {isa = PBXBuildFile; fileRef = FEE956AD288FC7F800F30690 /* ViewController.swift */; };
		FEE956B3288FC7F900F30690 /* Assets.xcassets in Resources */ = {isa = PBXBuildFile; fileRef = FEE956B2288FC7F900F30690 /* Assets.xcassets */; };
		FEE956B6288FC7F900F30690 /* LaunchScreen.storyboard in Resources */ = {isa = PBXBuildFile; fileRef = FEE956B4288FC7F900F30690 /* LaunchScreen.storyboard */; };
		FEE956BE288FD19100F30690 /* SearchViewController.swift in Sources */ = {isa = PBXBuildFile; fileRef = FEE956BD288FD19100F30690 /* SearchViewController.swift */; };
		FEE956C0288FD1BF00F30690 /* FavoritesListViewController.swift in Sources */ = {isa = PBXBuildFile; fileRef = FEE956BF288FD1BF00F30690 /* FavoritesListViewController.swift */; };
/* End PBXBuildFile section */

/* Begin PBXFileReference section */
		FE1B4879289353F200A083B9 /* FollowerListViewController.swift */ = {isa = PBXFileReference; lastKnownFileType = sourcecode.swift; path = FollowerListViewController.swift; sourceTree = "<group>"; };
		FE1B487B2893745F00A083B9 /* GFTitleLabel.swift */ = {isa = PBXFileReference; lastKnownFileType = sourcecode.swift; path = GFTitleLabel.swift; sourceTree = "<group>"; };
		FEB6B2BD2890E7BE006590D9 /* GFButton.swift */ = {isa = PBXFileReference; lastKnownFileType = sourcecode.swift; path = GFButton.swift; sourceTree = "<group>"; };
		FEB6B2BF2890F524006590D9 /* GFTextField.swift */ = {isa = PBXFileReference; lastKnownFileType = sourcecode.swift; path = GFTextField.swift; sourceTree = "<group>"; };
		FEC0EDE428A9BF3000864875 /* GFBodyLabel.swift */ = {isa = PBXFileReference; lastKnownFileType = sourcecode.swift; path = GFBodyLabel.swift; sourceTree = "<group>"; };
		FEC0EDE628A9C62300864875 /* GFAlertViewController.swift */ = {isa = PBXFileReference; lastKnownFileType = sourcecode.swift; path = GFAlertViewController.swift; sourceTree = "<group>"; };
		FEE956A6288FC7F800F30690 /* GHFollowers.app */ = {isa = PBXFileReference; explicitFileType = wrapper.application; includeInIndex = 0; path = GHFollowers.app; sourceTree = BUILT_PRODUCTS_DIR; };
		FEE956A9288FC7F800F30690 /* AppDelegate.swift */ = {isa = PBXFileReference; lastKnownFileType = sourcecode.swift; path = AppDelegate.swift; sourceTree = "<group>"; };
		FEE956AB288FC7F800F30690 /* SceneDelegate.swift */ = {isa = PBXFileReference; lastKnownFileType = sourcecode.swift; path = SceneDelegate.swift; sourceTree = "<group>"; };
		FEE956AD288FC7F800F30690 /* ViewController.swift */ = {isa = PBXFileReference; lastKnownFileType = sourcecode.swift; path = ViewController.swift; sourceTree = "<group>"; };
		FEE956B2288FC7F900F30690 /* Assets.xcassets */ = {isa = PBXFileReference; lastKnownFileType = folder.assetcatalog; path = Assets.xcassets; sourceTree = "<group>"; };
		FEE956B5288FC7F900F30690 /* Base */ = {isa = PBXFileReference; lastKnownFileType = file.storyboard; name = Base; path = Base.lproj/LaunchScreen.storyboard; sourceTree = "<group>"; };
		FEE956B7288FC7F900F30690 /* Info.plist */ = {isa = PBXFileReference; lastKnownFileType = text.plist.xml; path = Info.plist; sourceTree = "<group>"; };
		FEE956BD288FD19100F30690 /* SearchViewController.swift */ = {isa = PBXFileReference; lastKnownFileType = sourcecode.swift; path = SearchViewController.swift; sourceTree = "<group>"; };
		FEE956BF288FD1BF00F30690 /* FavoritesListViewController.swift */ = {isa = PBXFileReference; lastKnownFileType = sourcecode.swift; path = FavoritesListViewController.swift; sourceTree = "<group>"; };
/* End PBXFileReference section */

/* Begin PBXFrameworksBuildPhase section */
		FEE956A3288FC7F800F30690 /* Frameworks */ = {
			isa = PBXFrameworksBuildPhase;
			buildActionMask = 2147483647;
			files = (
			);
			runOnlyForDeploymentPostprocessing = 0;
		};
/* End PBXFrameworksBuildPhase section */

/* Begin PBXGroup section */
		FEE9569D288FC7F800F30690 = {
			isa = PBXGroup;
			children = (
				FEE956A8288FC7F800F30690 /* GHFollowers */,
				FEE956A7288FC7F800F30690 /* Products */,
			);
			sourceTree = "<group>";
		};
		FEE956A7288FC7F800F30690 /* Products */ = {
			isa = PBXGroup;
			children = (
				FEE956A6288FC7F800F30690 /* GHFollowers.app */,
			);
			name = Products;
			sourceTree = "<group>";
		};
		FEE956A8288FC7F800F30690 /* GHFollowers */ = {
			isa = PBXGroup;
			children = (
				FEE956A9288FC7F800F30690 /* AppDelegate.swift */,
				FEE956AB288FC7F800F30690 /* SceneDelegate.swift */,
				FEE956AD288FC7F800F30690 /* ViewController.swift */,
				FEE956B2288FC7F900F30690 /* Assets.xcassets */,
				FEE956B4288FC7F900F30690 /* LaunchScreen.storyboard */,
				FEE956B7288FC7F900F30690 /* Info.plist */,
				FEE956BD288FD19100F30690 /* SearchViewController.swift */,
				FEE956BF288FD1BF00F30690 /* FavoritesListViewController.swift */,
				FEB6B2BD2890E7BE006590D9 /* GFButton.swift */,
				FEB6B2BF2890F524006590D9 /* GFTextField.swift */,
				FE1B4879289353F200A083B9 /* FollowerListViewController.swift */,
				FE1B487B2893745F00A083B9 /* GFTitleLabel.swift */,
				FEC0EDE428A9BF3000864875 /* GFBodyLabel.swift */,
				FEC0EDE628A9C62300864875 /* GFAlertViewController.swift */,
			);
			path = GHFollowers;
			sourceTree = "<group>";
		};
/* End PBXGroup section */

/* Begin PBXNativeTarget section */
		FEE956A5288FC7F800F30690 /* GHFollowers */ = {
			isa = PBXNativeTarget;
			buildConfigurationList = FEE956BA288FC7F900F30690 /* Build configuration list for PBXNativeTarget "GHFollowers" */;
			buildPhases = (
				FEE956A2288FC7F800F30690 /* Sources */,
				FEE956A3288FC7F800F30690 /* Frameworks */,
				FEE956A4288FC7F800F30690 /* Resources */,
			);
			buildRules = (
			);
			dependencies = (
			);
			name = GHFollowers;
			productName = GHFollowers;
			productReference = FEE956A6288FC7F800F30690 /* GHFollowers.app */;
			productType = "com.apple.product-type.application";
		};
/* End PBXNativeTarget section */

/* Begin PBXProject section */
		FEE9569E288FC7F800F30690 /* Project object */ = {
			isa = PBXProject;
			attributes = {
				BuildIndependentTargetsInParallel = 1;
				LastSwiftUpdateCheck = 1340;
				LastUpgradeCheck = 1340;
				TargetAttributes = {
					FEE956A5288FC7F800F30690 = {
						CreatedOnToolsVersion = 13.4.1;
					};
				};
			};
			buildConfigurationList = FEE956A1288FC7F800F30690 /* Build configuration list for PBXProject "GHFollowers" */;
			compatibilityVersion = "Xcode 13.0";
			developmentRegion = en;
			hasScannedForEncodings = 0;
			knownRegions = (
				en,
				Base,
			);
			mainGroup = FEE9569D288FC7F800F30690;
			productRefGroup = FEE956A7288FC7F800F30690 /* Products */;
			projectDirPath = "";
			projectRoot = "";
			targets = (
				FEE956A5288FC7F800F30690 /* GHFollowers */,
			);
		};
/* End PBXProject section */

/* Begin PBXResourcesBuildPhase section */
		FEE956A4288FC7F800F30690 /* Resources */ = {
			isa = PBXResourcesBuildPhase;
			buildActionMask = 2147483647;
			files = (
				FEE956B6288FC7F900F30690 /* LaunchScreen.storyboard in Resources */,
				FEE956B3288FC7F900F30690 /* Assets.xcassets in Resources */,
			);
			runOnlyForDeploymentPostprocessing = 0;
		};
/* End PBXResourcesBuildPhase section */

/* Begin PBXSourcesBuildPhase section */
		FEE956A2288FC7F800F30690 /* Sources */ = {
			isa = PBXSourcesBuildPhase;
			buildActionMask = 2147483647;
			files = (
				FE1B487A289353F200A083B9 /* FollowerListViewController.swift in Sources */,
				FEE956C0288FD1BF00F30690 /* FavoritesListViewController.swift in Sources */,
				FEE956AE288FC7F800F30690 /* ViewController.swift in Sources */,
				FEB6B2BE2890E7BE006590D9 /* GFButton.swift in Sources */,
				FEE956AA288FC7F800F30690 /* AppDelegate.swift in Sources */,
				FEC0EDE728A9C62300864875 /* GFAlertViewController.swift in Sources */,
				FEE956BE288FD19100F30690 /* SearchViewController.swift in Sources */,
				FE1B487C2893745F00A083B9 /* GFTitleLabel.swift in Sources */,
				FEE956AC288FC7F800F30690 /* SceneDelegate.swift in Sources */,
				FEB6B2C02890F524006590D9 /* GFTextField.swift in Sources */,
				FEC0EDE528A9BF3000864875 /* GFBodyLabel.swift in Sources */,
			);
			runOnlyForDeploymentPostprocessing = 0;
		};
/* End PBXSourcesBuildPhase section */

/* Begin PBXVariantGroup section */
		FEE956B4288FC7F900F30690 /* LaunchScreen.storyboard */ = {
			isa = PBXVariantGroup;
			children = (
				FEE956B5288FC7F900F30690 /* Base */,
			);
			name = LaunchScreen.storyboard;
			sourceTree = "<group>";
		};
/* End PBXVariantGroup section */

/* Begin XCBuildConfiguration section */
		FEE956B8288FC7F900F30690 /* Debug */ = {
			isa = XCBuildConfiguration;
			buildSettings = {
				ALWAYS_SEARCH_USER_PATHS = NO;
				CLANG_ANALYZER_NONNULL = YES;
				CLANG_ANALYZER_NUMBER_OBJECT_CONVERSION = YES_AGGRESSIVE;
				CLANG_CXX_LANGUAGE_STANDARD = "gnu++17";
				CLANG_ENABLE_MODULES = YES;
				CLANG_ENABLE_OBJC_ARC = YES;
				CLANG_ENABLE_OBJC_WEAK = YES;
				CLANG_WARN_BLOCK_CAPTURE_AUTORELEASING = YES;
				CLANG_WARN_BOOL_CONVERSION = YES;
				CLANG_WARN_COMMA = YES;
				CLANG_WARN_CONSTANT_CONVERSION = YES;
				CLANG_WARN_DEPRECATED_OBJC_IMPLEMENTATIONS = YES;
				CLANG_WARN_DIRECT_OBJC_ISA_USAGE = YES_ERROR;
				CLANG_WARN_DOCUMENTATION_COMMENTS = YES;
				CLANG_WARN_EMPTY_BODY = YES;
				CLANG_WARN_ENUM_CONVERSION = YES;
				CLANG_WARN_INFINITE_RECURSION = YES;
				CLANG_WARN_INT_CONVERSION = YES;
				CLANG_WARN_NON_LITERAL_NULL_CONVERSION = YES;
				CLANG_WARN_OBJC_IMPLICIT_RETAIN_SELF = YES;
				CLANG_WARN_OBJC_LITERAL_CONVERSION = YES;
				CLANG_WARN_OBJC_ROOT_CLASS = YES_ERROR;
				CLANG_WARN_QUOTED_INCLUDE_IN_FRAMEWORK_HEADER = YES;
				CLANG_WARN_RANGE_LOOP_ANALYSIS = YES;
				CLANG_WARN_STRICT_PROTOTYPES = YES;
				CLANG_WARN_SUSPICIOUS_MOVE = YES;
				CLANG_WARN_UNGUARDED_AVAILABILITY = YES_AGGRESSIVE;
				CLANG_WARN_UNREACHABLE_CODE = YES;
				CLANG_WARN__DUPLICATE_METHOD_MATCH = YES;
				COPY_PHASE_STRIP = NO;
				DEBUG_INFORMATION_FORMAT = dwarf;
				ENABLE_STRICT_OBJC_MSGSEND = YES;
				ENABLE_TESTABILITY = YES;
				GCC_C_LANGUAGE_STANDARD = gnu11;
				GCC_DYNAMIC_NO_PIC = NO;
				GCC_NO_COMMON_BLOCKS = YES;
				GCC_OPTIMIZATION_LEVEL = 0;
				GCC_PREPROCESSOR_DEFINITIONS = (
					"DEBUG=1",
					"$(inherited)",
				);
				GCC_WARN_64_TO_32_BIT_CONVERSION = YES;
				GCC_WARN_ABOUT_RETURN_TYPE = YES_ERROR;
				GCC_WARN_UNDECLARED_SELECTOR = YES;
				GCC_WARN_UNINITIALIZED_AUTOS = YES_AGGRESSIVE;
				GCC_WARN_UNUSED_FUNCTION = YES;
				GCC_WARN_UNUSED_VARIABLE = YES;
				IPHONEOS_DEPLOYMENT_TARGET = 15.5;
				MTL_ENABLE_DEBUG_INFO = INCLUDE_SOURCE;
				MTL_FAST_MATH = YES;
				ONLY_ACTIVE_ARCH = YES;
				SDKROOT = iphoneos;
				SWIFT_ACTIVE_COMPILATION_CONDITIONS = DEBUG;
				SWIFT_OPTIMIZATION_LEVEL = "-Onone";
			};
			name = Debug;
		};
		FEE956B9288FC7F900F30690 /* Release */ = {
			isa = XCBuildConfiguration;
			buildSettings = {
				ALWAYS_SEARCH_USER_PATHS = NO;
				CLANG_ANALYZER_NONNULL = YES;
				CLANG_ANALYZER_NUMBER_OBJECT_CONVERSION = YES_AGGRESSIVE;
				CLANG_CXX_LANGUAGE_STANDARD = "gnu++17";
				CLANG_ENABLE_MODULES = YES;
				CLANG_ENABLE_OBJC_ARC = YES;
				CLANG_ENABLE_OBJC_WEAK = YES;
				CLANG_WARN_BLOCK_CAPTURE_AUTORELEASING = YES;
				CLANG_WARN_BOOL_CONVERSION = YES;
				CLANG_WARN_COMMA = YES;
				CLANG_WARN_CONSTANT_CONVERSION = YES;
				CLANG_WARN_DEPRECATED_OBJC_IMPLEMENTATIONS = YES;
				CLANG_WARN_DIRECT_OBJC_ISA_USAGE = YES_ERROR;
				CLANG_WARN_DOCUMENTATION_COMMENTS = YES;
				CLANG_WARN_EMPTY_BODY = YES;
				CLANG_WARN_ENUM_CONVERSION = YES;
				CLANG_WARN_INFINITE_RECURSION = YES;
				CLANG_WARN_INT_CONVERSION = YES;
				CLANG_WARN_NON_LITERAL_NULL_CONVERSION = YES;
				CLANG_WARN_OBJC_IMPLICIT_RETAIN_SELF = YES;
				CLANG_WARN_OBJC_LITERAL_CONVERSION = YES;
				CLANG_WARN_OBJC_ROOT_CLASS = YES_ERROR;
				CLANG_WARN_QUOTED_INCLUDE_IN_FRAMEWORK_HEADER = YES;
				CLANG_WARN_RANGE_LOOP_ANALYSIS = YES;
				CLANG_WARN_STRICT_PROTOTYPES = YES;
				CLANG_WARN_SUSPICIOUS_MOVE = YES;
				CLANG_WARN_UNGUARDED_AVAILABILITY = YES_AGGRESSIVE;
				CLANG_WARN_UNREACHABLE_CODE = YES;
				CLANG_WARN__DUPLICATE_METHOD_MATCH = YES;
				COPY_PHASE_STRIP = NO;
				DEBUG_INFORMATION_FORMAT = "dwarf-with-dsym";
				ENABLE_NS_ASSERTIONS = NO;
				ENABLE_STRICT_OBJC_MSGSEND = YES;
				GCC_C_LANGUAGE_STANDARD = gnu11;
				GCC_NO_COMMON_BLOCKS = YES;
				GCC_WARN_64_TO_32_BIT_CONVERSION = YES;
				GCC_WARN_ABOUT_RETURN_TYPE = YES_ERROR;
				GCC_WARN_UNDECLARED_SELECTOR = YES;
				GCC_WARN_UNINITIALIZED_AUTOS = YES_AGGRESSIVE;
				GCC_WARN_UNUSED_FUNCTION = YES;
				GCC_WARN_UNUSED_VARIABLE = YES;
				IPHONEOS_DEPLOYMENT_TARGET = 15.5;
				MTL_ENABLE_DEBUG_INFO = NO;
				MTL_FAST_MATH = YES;
				SDKROOT = iphoneos;
				SWIFT_COMPILATION_MODE = wholemodule;
				SWIFT_OPTIMIZATION_LEVEL = "-O";
				VALIDATE_PRODUCT = YES;
			};
			name = Release;
		};
		FEE956BB288FC7F900F30690 /* Debug */ = {
			isa = XCBuildConfiguration;
			buildSettings = {
				ASSETCATALOG_COMPILER_APPICON_NAME = AppIcon;
				ASSETCATALOG_COMPILER_GLOBAL_ACCENT_COLOR_NAME = AccentColor;
				CODE_SIGN_STYLE = Automatic;
				CURRENT_PROJECT_VERSION = 1;
				DEVELOPMENT_TEAM = UFV45D84FB;
				GENERATE_INFOPLIST_FILE = YES;
				INFOPLIST_FILE = GHFollowers/Info.plist;
				INFOPLIST_KEY_UIApplicationSupportsIndirectInputEvents = YES;
				INFOPLIST_KEY_UILaunchStoryboardName = LaunchScreen;
				INFOPLIST_KEY_UISupportedInterfaceOrientations = UIInterfaceOrientationPortrait;
				INFOPLIST_KEY_UISupportedInterfaceOrientations_iPad = "UIInterfaceOrientationPortrait UIInterfaceOrientationPortraitUpsideDown UIInterfaceOrientationLandscapeLeft UIInterfaceOrientationLandscapeRight";
				INFOPLIST_KEY_UISupportedInterfaceOrientations_iPhone = "UIInterfaceOrientationPortrait UIInterfaceOrientationLandscapeLeft UIInterfaceOrientationLandscapeRight";
				LD_RUNPATH_SEARCH_PATHS = (
					"$(inherited)",
					"@executable_path/Frameworks",
				);
				MARKETING_VERSION = 1.0;
				PRODUCT_BUNDLE_IDENTIFIER = com.jorgesoto.GHFollowers;
				PRODUCT_NAME = "$(TARGET_NAME)";
				SWIFT_EMIT_LOC_STRINGS = YES;
				SWIFT_VERSION = 5.0;
				TARGETED_DEVICE_FAMILY = 1;
			};
			name = Debug;
		};
		FEE956BC288FC7F900F30690 /* Release */ = {
			isa = XCBuildConfiguration;
			buildSettings = {
				ASSETCATALOG_COMPILER_APPICON_NAME = AppIcon;
				ASSETCATALOG_COMPILER_GLOBAL_ACCENT_COLOR_NAME = AccentColor;
				CODE_SIGN_STYLE = Automatic;
				CURRENT_PROJECT_VERSION = 1;
				DEVELOPMENT_TEAM = UFV45D84FB;
				GENERATE_INFOPLIST_FILE = YES;
				INFOPLIST_FILE = GHFollowers/Info.plist;
				INFOPLIST_KEY_UIApplicationSupportsIndirectInputEvents = YES;
				INFOPLIST_KEY_UILaunchStoryboardName = LaunchScreen;
				INFOPLIST_KEY_UISupportedInterfaceOrientations = UIInterfaceOrientationPortrait;
				INFOPLIST_KEY_UISupportedInterfaceOrientations_iPad = "UIInterfaceOrientationPortrait UIInterfaceOrientationPortraitUpsideDown UIInterfaceOrientationLandscapeLeft UIInterfaceOrientationLandscapeRight";
				INFOPLIST_KEY_UISupportedInterfaceOrientations_iPhone = "UIInterfaceOrientationPortrait UIInterfaceOrientationLandscapeLeft UIInterfaceOrientationLandscapeRight";
				LD_RUNPATH_SEARCH_PATHS = (
					"$(inherited)",
					"@executable_path/Frameworks",
				);
				MARKETING_VERSION = 1.0;
				PRODUCT_BUNDLE_IDENTIFIER = com.jorgesoto.GHFollowers;
				PRODUCT_NAME = "$(TARGET_NAME)";
				SWIFT_EMIT_LOC_STRINGS = YES;
				SWIFT_VERSION = 5.0;
				TARGETED_DEVICE_FAMILY = 1;
			};
			name = Release;
		};
/* End XCBuildConfiguration section */

/* Begin XCConfigurationList section */
		FEE956A1288FC7F800F30690 /* Build configuration list for PBXProject "GHFollowers" */ = {
			isa = XCConfigurationList;
			buildConfigurations = (
				FEE956B8288FC7F900F30690 /* Debug */,
				FEE956B9288FC7F900F30690 /* Release */,
			);
			defaultConfigurationIsVisible = 0;
			defaultConfigurationName = Release;
		};
		FEE956BA288FC7F900F30690 /* Build configuration list for PBXNativeTarget "GHFollowers" */ = {
			isa = XCConfigurationList;
			buildConfigurations = (
				FEE956BB288FC7F900F30690 /* Debug */,
				FEE956BC288FC7F900F30690 /* Release */,
			);
			defaultConfigurationIsVisible = 0;
			defaultConfigurationName = Release;
		};
/* End XCConfigurationList section */
	};
	rootObject = FEE9569E288FC7F800F30690 /* Project object */;
}
